// !$*UTF8*$!
{
	archiveVersion = 1;
	classes = {
	};
	objectVersion = 51;
	objects = {

/* Begin PBXBuildFile section */
		049D56A9289CAD91001226D1 /* FavouriteTableViewCell.swift in Sources */ = {isa = PBXBuildFile; fileRef = 049D56A7289CAD91001226D1 /* FavouriteTableViewCell.swift */; };
		049D56AA289CAD91001226D1 /* FavouriteTableViewCell.xib in Resources */ = {isa = PBXBuildFile; fileRef = 049D56A8289CAD91001226D1 /* FavouriteTableViewCell.xib */; };
		04F63DBA2899F56C00A77886 /* AppDelegate.swift in Sources */ = {isa = PBXBuildFile; fileRef = 04F63DB92899F56C00A77886 /* AppDelegate.swift */; };
		04F63DBC2899F56C00A77886 /* SceneDelegate.swift in Sources */ = {isa = PBXBuildFile; fileRef = 04F63DBB2899F56C00A77886 /* SceneDelegate.swift */; };
		04F63DBE2899F56C00A77886 /* ViewController.swift in Sources */ = {isa = PBXBuildFile; fileRef = 04F63DBD2899F56C00A77886 /* ViewController.swift */; };
		04F63DC12899F56C00A77886 /* Main.storyboard in Resources */ = {isa = PBXBuildFile; fileRef = 04F63DBF2899F56C00A77886 /* Main.storyboard */; };
		04F63DC32899F56F00A77886 /* Assets.xcassets in Resources */ = {isa = PBXBuildFile; fileRef = 04F63DC22899F56F00A77886 /* Assets.xcassets */; };
		04F63DC62899F56F00A77886 /* LaunchScreen.storyboard in Resources */ = {isa = PBXBuildFile; fileRef = 04F63DC42899F56F00A77886 /* LaunchScreen.storyboard */; };
		285F63DE68158676DD255CC0 /* Pods_MeLi_Swift.framework in Frameworks */ = {isa = PBXBuildFile; fileRef = CD04911FAAEF8FFE4E3E19DC /* Pods_MeLi_Swift.framework */; };
		82D6CFAD289ACC150096C22C /* DetailViewViewController.swift in Sources */ = {isa = PBXBuildFile; fileRef = 82D6CFAB289ACC150096C22C /* DetailViewViewController.swift */; };
		82D6CFAE289ACC150096C22C /* DetailViewViewController.xib in Resources */ = {isa = PBXBuildFile; fileRef = 82D6CFAC289ACC150096C22C /* DetailViewViewController.xib */; };
		82D6CFB2289ACC510096C22C /* DetailViewViewModel.swift in Sources */ = {isa = PBXBuildFile; fileRef = 82D6CFB1289ACC510096C22C /* DetailViewViewModel.swift */; };
/* End PBXBuildFile section */

/* Begin PBXFileReference section */
		049D56A7289CAD91001226D1 /* FavouriteTableViewCell.swift */ = {isa = PBXFileReference; lastKnownFileType = sourcecode.swift; path = FavouriteTableViewCell.swift; sourceTree = "<group>"; };
		049D56A8289CAD91001226D1 /* FavouriteTableViewCell.xib */ = {isa = PBXFileReference; lastKnownFileType = file.xib; path = FavouriteTableViewCell.xib; sourceTree = "<group>"; };
		04F63DB62899F56C00A77886 /* MeLi Swift.app */ = {isa = PBXFileReference; explicitFileType = wrapper.application; includeInIndex = 0; path = "MeLi Swift.app"; sourceTree = BUILT_PRODUCTS_DIR; };
		04F63DB92899F56C00A77886 /* AppDelegate.swift */ = {isa = PBXFileReference; lastKnownFileType = sourcecode.swift; path = AppDelegate.swift; sourceTree = "<group>"; };
		04F63DBB2899F56C00A77886 /* SceneDelegate.swift */ = {isa = PBXFileReference; lastKnownFileType = sourcecode.swift; path = SceneDelegate.swift; sourceTree = "<group>"; };
		04F63DBD2899F56C00A77886 /* ViewController.swift */ = {isa = PBXFileReference; lastKnownFileType = sourcecode.swift; path = ViewController.swift; sourceTree = "<group>"; };
		04F63DC02899F56C00A77886 /* Base */ = {isa = PBXFileReference; lastKnownFileType = file.storyboard; name = Base; path = Base.lproj/Main.storyboard; sourceTree = "<group>"; };
		04F63DC22899F56F00A77886 /* Assets.xcassets */ = {isa = PBXFileReference; lastKnownFileType = folder.assetcatalog; path = Assets.xcassets; sourceTree = "<group>"; };
		04F63DC52899F56F00A77886 /* Base */ = {isa = PBXFileReference; lastKnownFileType = file.storyboard; name = Base; path = Base.lproj/LaunchScreen.storyboard; sourceTree = "<group>"; };
		04F63DC72899F56F00A77886 /* Info.plist */ = {isa = PBXFileReference; lastKnownFileType = text.plist.xml; path = Info.plist; sourceTree = "<group>"; };
		82D6CFAB289ACC150096C22C /* DetailViewViewController.swift */ = {isa = PBXFileReference; lastKnownFileType = sourcecode.swift; path = DetailViewViewController.swift; sourceTree = "<group>"; };
		82D6CFAC289ACC150096C22C /* DetailViewViewController.xib */ = {isa = PBXFileReference; lastKnownFileType = file.xib; path = DetailViewViewController.xib; sourceTree = "<group>"; };
		82D6CFB1289ACC510096C22C /* DetailViewViewModel.swift */ = {isa = PBXFileReference; lastKnownFileType = sourcecode.swift; path = DetailViewViewModel.swift; sourceTree = "<group>"; };
		93FCE8B89EE592F782534E77 /* Pods-MeLi Swift.release.xcconfig */ = {isa = PBXFileReference; includeInIndex = 1; lastKnownFileType = text.xcconfig; name = "Pods-MeLi Swift.release.xcconfig"; path = "Target Support Files/Pods-MeLi Swift/Pods-MeLi Swift.release.xcconfig"; sourceTree = "<group>"; };
		CD04911FAAEF8FFE4E3E19DC /* Pods_MeLi_Swift.framework */ = {isa = PBXFileReference; explicitFileType = wrapper.framework; includeInIndex = 0; path = Pods_MeLi_Swift.framework; sourceTree = BUILT_PRODUCTS_DIR; };
		EF2013FBB1A386E3F3FCAB15 /* Pods-MeLi Swift.debug.xcconfig */ = {isa = PBXFileReference; includeInIndex = 1; lastKnownFileType = text.xcconfig; name = "Pods-MeLi Swift.debug.xcconfig"; path = "Target Support Files/Pods-MeLi Swift/Pods-MeLi Swift.debug.xcconfig"; sourceTree = "<group>"; };
/* End PBXFileReference section */

/* Begin PBXFrameworksBuildPhase section */
		04F63DB32899F56C00A77886 /* Frameworks */ = {
			isa = PBXFrameworksBuildPhase;
			buildActionMask = 2147483647;
			files = (
				285F63DE68158676DD255CC0 /* Pods_MeLi_Swift.framework in Frameworks */,
			);
			runOnlyForDeploymentPostprocessing = 0;
		};
/* End PBXFrameworksBuildPhase section */

/* Begin PBXGroup section */
		049D56A6289CACD4001226D1 /* FavouriteView */ = {
			isa = PBXGroup;
			children = (
				049D56A7289CAD91001226D1 /* FavouriteTableViewCell.swift */,
				049D56A8289CAD91001226D1 /* FavouriteTableViewCell.xib */,
			);
			path = FavouriteView;
			sourceTree = "<group>";
		};
		04F63DAD2899F56C00A77886 = {
			isa = PBXGroup;
			children = (
				04F63DB82899F56C00A77886 /* MeLi Swift */,
				04F63DB72899F56C00A77886 /* Products */,
				D8D4F0BC1569B4A6DD88E08F /* Pods */,
				77DCA60553090462577E1FB7 /* Frameworks */,
			);
			sourceTree = "<group>";
		};
		04F63DB72899F56C00A77886 /* Products */ = {
			isa = PBXGroup;
			children = (
				04F63DB62899F56C00A77886 /* MeLi Swift.app */,
			);
			name = Products;
			sourceTree = "<group>";
		};
		04F63DB82899F56C00A77886 /* MeLi Swift */ = {
			isa = PBXGroup;
			children = (
				82D6CFA7289ACB4A0096C22C /* Views */,
				04F63DB92899F56C00A77886 /* AppDelegate.swift */,
				04F63DBB2899F56C00A77886 /* SceneDelegate.swift */,
				04F63DBD2899F56C00A77886 /* ViewController.swift */,
				04F63DBF2899F56C00A77886 /* Main.storyboard */,
				04F63DC22899F56F00A77886 /* Assets.xcassets */,
				04F63DC42899F56F00A77886 /* LaunchScreen.storyboard */,
				04F63DC72899F56F00A77886 /* Info.plist */,
			);
			path = "MeLi Swift";
			sourceTree = "<group>";
		};
		77DCA60553090462577E1FB7 /* Frameworks */ = {
			isa = PBXGroup;
			children = (
				CD04911FAAEF8FFE4E3E19DC /* Pods_MeLi_Swift.framework */,
			);
			name = Frameworks;
			sourceTree = "<group>";
		};
		82D6CFA7289ACB4A0096C22C /* Views */ = {
			isa = PBXGroup;
			children = (
				049D56A6289CACD4001226D1 /* FavouriteView */,
				82D6CFA9289ACB9E0096C22C /* DetailView */,
			);
			path = Views;
			sourceTree = "<group>";
		};
		82D6CFA9289ACB9E0096C22C /* DetailView */ = {
			isa = PBXGroup;
			children = (
				82D6CFAB289ACC150096C22C /* DetailViewViewController.swift */,
				82D6CFAC289ACC150096C22C /* DetailViewViewController.xib */,
				82D6CFB1289ACC510096C22C /* DetailViewViewModel.swift */,
			);
			path = DetailView;
			sourceTree = "<group>";
		};
		D8D4F0BC1569B4A6DD88E08F /* Pods */ = {
			isa = PBXGroup;
			children = (
				EF2013FBB1A386E3F3FCAB15 /* Pods-MeLi Swift.debug.xcconfig */,
				93FCE8B89EE592F782534E77 /* Pods-MeLi Swift.release.xcconfig */,
			);
			path = Pods;
			sourceTree = "<group>";
		};
/* End PBXGroup section */

/* Begin PBXNativeTarget section */
		04F63DB52899F56C00A77886 /* MeLi Swift */ = {
			isa = PBXNativeTarget;
			buildConfigurationList = 04F63DCA2899F56F00A77886 /* Build configuration list for PBXNativeTarget "MeLi Swift" */;
			buildPhases = (
				9EE7EE3D9575787BFE72B6C3 /* [CP] Check Pods Manifest.lock */,
				04F63DB22899F56C00A77886 /* Sources */,
				04F63DB32899F56C00A77886 /* Frameworks */,
				04F63DB42899F56C00A77886 /* Resources */,
				8AED1D1ED32EA58046F377AB /* [CP] Embed Pods Frameworks */,
			);
			buildRules = (
			);
			dependencies = (
			);
			name = "MeLi Swift";
			productName = "MeLi Swift";
			productReference = 04F63DB62899F56C00A77886 /* MeLi Swift.app */;
			productType = "com.apple.product-type.application";
		};
/* End PBXNativeTarget section */

/* Begin PBXProject section */
		04F63DAE2899F56C00A77886 /* Project object */ = {
			isa = PBXProject;
			attributes = {
				LastSwiftUpdateCheck = 1210;
				LastUpgradeCheck = 1210;
				TargetAttributes = {
					04F63DB52899F56C00A77886 = {
						CreatedOnToolsVersion = 12.1;
					};
				};
			};
			buildConfigurationList = 04F63DB12899F56C00A77886 /* Build configuration list for PBXProject "MeLi Swift" */;
			compatibilityVersion = "Xcode 9.3";
			developmentRegion = en;
			hasScannedForEncodings = 0;
			knownRegions = (
				en,
				Base,
			);
			mainGroup = 04F63DAD2899F56C00A77886;
			productRefGroup = 04F63DB72899F56C00A77886 /* Products */;
			projectDirPath = "";
			projectRoot = "";
			targets = (
				04F63DB52899F56C00A77886 /* MeLi Swift */,
			);
		};
/* End PBXProject section */

/* Begin PBXResourcesBuildPhase section */
		04F63DB42899F56C00A77886 /* Resources */ = {
			isa = PBXResourcesBuildPhase;
			buildActionMask = 2147483647;
			files = (
				04F63DC62899F56F00A77886 /* LaunchScreen.storyboard in Resources */,
				04F63DC32899F56F00A77886 /* Assets.xcassets in Resources */,
				82D6CFAE289ACC150096C22C /* DetailViewViewController.xib in Resources */,
				04F63DC12899F56C00A77886 /* Main.storyboard in Resources */,
				049D56AA289CAD91001226D1 /* FavouriteTableViewCell.xib in Resources */,
			);
			runOnlyForDeploymentPostprocessing = 0;
		};
/* End PBXResourcesBuildPhase section */

/* Begin PBXShellScriptBuildPhase section */
		8AED1D1ED32EA58046F377AB /* [CP] Embed Pods Frameworks */ = {
			isa = PBXShellScriptBuildPhase;
			buildActionMask = 2147483647;
			files = (
			);
			inputFileListPaths = (
				"${PODS_ROOT}/Target Support Files/Pods-MeLi Swift/Pods-MeLi Swift-frameworks-${CONFIGURATION}-input-files.xcfilelist",
			);
			name = "[CP] Embed Pods Frameworks";
			outputFileListPaths = (
				"${PODS_ROOT}/Target Support Files/Pods-MeLi Swift/Pods-MeLi Swift-frameworks-${CONFIGURATION}-output-files.xcfilelist",
			);
			runOnlyForDeploymentPostprocessing = 0;
			shellPath = /bin/sh;
			shellScript = "\"${PODS_ROOT}/Target Support Files/Pods-MeLi Swift/Pods-MeLi Swift-frameworks.sh\"\n";
			showEnvVarsInLog = 0;
		};
		9EE7EE3D9575787BFE72B6C3 /* [CP] Check Pods Manifest.lock */ = {
			isa = PBXShellScriptBuildPhase;
			buildActionMask = 2147483647;
			files = (
			);
			inputFileListPaths = (
			);
			inputPaths = (
				"${PODS_PODFILE_DIR_PATH}/Podfile.lock",
				"${PODS_ROOT}/Manifest.lock",
			);
			name = "[CP] Check Pods Manifest.lock";
			outputFileListPaths = (
			);
			outputPaths = (
				"$(DERIVED_FILE_DIR)/Pods-MeLi Swift-checkManifestLockResult.txt",
			);
			runOnlyForDeploymentPostprocessing = 0;
			shellPath = /bin/sh;
			shellScript = "diff \"${PODS_PODFILE_DIR_PATH}/Podfile.lock\" \"${PODS_ROOT}/Manifest.lock\" > /dev/null\nif [ $? != 0 ] ; then\n    # print error to STDERR\n    echo \"error: The sandbox is not in sync with the Podfile.lock. Run 'pod install' or update your CocoaPods installation.\" >&2\n    exit 1\nfi\n# This output is used by Xcode 'outputs' to avoid re-running this script phase.\necho \"SUCCESS\" > \"${SCRIPT_OUTPUT_FILE_0}\"\n";
			showEnvVarsInLog = 0;
		};
/* End PBXShellScriptBuildPhase section */

/* Begin PBXSourcesBuildPhase section */
		04F63DB22899F56C00A77886 /* Sources */ = {
			isa = PBXSourcesBuildPhase;
			buildActionMask = 2147483647;
			files = (
				04F63DBE2899F56C00A77886 /* ViewController.swift in Sources */,
				049D56A9289CAD91001226D1 /* FavouriteTableViewCell.swift in Sources */,
				82D6CFB2289ACC510096C22C /* DetailViewViewModel.swift in Sources */,
				04F63DBA2899F56C00A77886 /* AppDelegate.swift in Sources */,
				82D6CFAD289ACC150096C22C /* DetailViewViewController.swift in Sources */,
				04F63DBC2899F56C00A77886 /* SceneDelegate.swift in Sources */,
			);
			runOnlyForDeploymentPostprocessing = 0;
		};
/* End PBXSourcesBuildPhase section */

/* Begin PBXVariantGroup section */
		04F63DBF2899F56C00A77886 /* Main.storyboard */ = {
			isa = PBXVariantGroup;
			children = (
				04F63DC02899F56C00A77886 /* Base */,
			);
			name = Main.storyboard;
			sourceTree = "<group>";
		};
		04F63DC42899F56F00A77886 /* LaunchScreen.storyboard */ = {
			isa = PBXVariantGroup;
			children = (
				04F63DC52899F56F00A77886 /* Base */,
			);
			name = LaunchScreen.storyboard;
			sourceTree = "<group>";
		};
/* End PBXVariantGroup section */

/* Begin XCBuildConfiguration section */
		04F63DC82899F56F00A77886 /* Debug */ = {
			isa = XCBuildConfiguration;
			buildSettings = {
				ALWAYS_SEARCH_USER_PATHS = NO;
				CLANG_ANALYZER_NONNULL = YES;
				CLANG_ANALYZER_NUMBER_OBJECT_CONVERSION = YES_AGGRESSIVE;
				CLANG_CXX_LANGUAGE_STANDARD = "gnu++14";
				CLANG_CXX_LIBRARY = "libc++";
				CLANG_ENABLE_MODULES = YES;
				CLANG_ENABLE_OBJC_ARC = YES;
				CLANG_ENABLE_OBJC_WEAK = YES;
				CLANG_WARN_BLOCK_CAPTURE_AUTORELEASING = YES;
				CLANG_WARN_BOOL_CONVERSION = YES;
				CLANG_WARN_COMMA = YES;
				CLANG_WARN_CONSTANT_CONVERSION = YES;
				CLANG_WARN_DEPRECATED_OBJC_IMPLEMENTATIONS = YES;
				CLANG_WARN_DIRECT_OBJC_ISA_USAGE = YES_ERROR;
				CLANG_WARN_DOCUMENTATION_COMMENTS = YES;
				CLANG_WARN_EMPTY_BODY = YES;
				CLANG_WARN_ENUM_CONVERSION = YES;
				CLANG_WARN_INFINITE_RECURSION = YES;
				CLANG_WARN_INT_CONVERSION = YES;
				CLANG_WARN_NON_LITERAL_NULL_CONVERSION = YES;
				CLANG_WARN_OBJC_IMPLICIT_RETAIN_SELF = YES;
				CLANG_WARN_OBJC_LITERAL_CONVERSION = YES;
				CLANG_WARN_OBJC_ROOT_CLASS = YES_ERROR;
				CLANG_WARN_QUOTED_INCLUDE_IN_FRAMEWORK_HEADER = YES;
				CLANG_WARN_RANGE_LOOP_ANALYSIS = YES;
				CLANG_WARN_STRICT_PROTOTYPES = YES;
				CLANG_WARN_SUSPICIOUS_MOVE = YES;
				CLANG_WARN_UNGUARDED_AVAILABILITY = YES_AGGRESSIVE;
				CLANG_WARN_UNREACHABLE_CODE = YES;
				CLANG_WARN__DUPLICATE_METHOD_MATCH = YES;
				COPY_PHASE_STRIP = NO;
				DEBUG_INFORMATION_FORMAT = dwarf;
				ENABLE_STRICT_OBJC_MSGSEND = YES;
				ENABLE_TESTABILITY = YES;
				GCC_C_LANGUAGE_STANDARD = gnu11;
				GCC_DYNAMIC_NO_PIC = NO;
				GCC_NO_COMMON_BLOCKS = YES;
				GCC_OPTIMIZATION_LEVEL = 0;
				GCC_PREPROCESSOR_DEFINITIONS = (
					"DEBUG=1",
					"$(inherited)",
				);
				GCC_WARN_64_TO_32_BIT_CONVERSION = YES;
				GCC_WARN_ABOUT_RETURN_TYPE = YES_ERROR;
				GCC_WARN_UNDECLARED_SELECTOR = YES;
				GCC_WARN_UNINITIALIZED_AUTOS = YES_AGGRESSIVE;
				GCC_WARN_UNUSED_FUNCTION = YES;
				GCC_WARN_UNUSED_VARIABLE = YES;
				IPHONEOS_DEPLOYMENT_TARGET = 14.1;
				MTL_ENABLE_DEBUG_INFO = INCLUDE_SOURCE;
				MTL_FAST_MATH = YES;
				ONLY_ACTIVE_ARCH = YES;
				SDKROOT = iphoneos;
				SWIFT_ACTIVE_COMPILATION_CONDITIONS = DEBUG;
				SWIFT_OPTIMIZATION_LEVEL = "-Onone";
			};
			name = Debug;
		};
		04F63DC92899F56F00A77886 /* Release */ = {
			isa = XCBuildConfiguration;
			buildSettings = {
				ALWAYS_SEARCH_USER_PATHS = NO;
				CLANG_ANALYZER_NONNULL = YES;
				CLANG_ANALYZER_NUMBER_OBJECT_CONVERSION = YES_AGGRESSIVE;
				CLANG_CXX_LANGUAGE_STANDARD = "gnu++14";
				CLANG_CXX_LIBRARY = "libc++";
				CLANG_ENABLE_MODULES = YES;
				CLANG_ENABLE_OBJC_ARC = YES;
				CLANG_ENABLE_OBJC_WEAK = YES;
				CLANG_WARN_BLOCK_CAPTURE_AUTORELEASING = YES;
				CLANG_WARN_BOOL_CONVERSION = YES;
				CLANG_WARN_COMMA = YES;
				CLANG_WARN_CONSTANT_CONVERSION = YES;
				CLANG_WARN_DEPRECATED_OBJC_IMPLEMENTATIONS = YES;
				CLANG_WARN_DIRECT_OBJC_ISA_USAGE = YES_ERROR;
				CLANG_WARN_DOCUMENTATION_COMMENTS = YES;
				CLANG_WARN_EMPTY_BODY = YES;
				CLANG_WARN_ENUM_CONVERSION = YES;
				CLANG_WARN_INFINITE_RECURSION = YES;
				CLANG_WARN_INT_CONVERSION = YES;
				CLANG_WARN_NON_LITERAL_NULL_CONVERSION = YES;
				CLANG_WARN_OBJC_IMPLICIT_RETAIN_SELF = YES;
				CLANG_WARN_OBJC_LITERAL_CONVERSION = YES;
				CLANG_WARN_OBJC_ROOT_CLASS = YES_ERROR;
				CLANG_WARN_QUOTED_INCLUDE_IN_FRAMEWORK_HEADER = YES;
				CLANG_WARN_RANGE_LOOP_ANALYSIS = YES;
				CLANG_WARN_STRICT_PROTOTYPES = YES;
				CLANG_WARN_SUSPICIOUS_MOVE = YES;
				CLANG_WARN_UNGUARDED_AVAILABILITY = YES_AGGRESSIVE;
				CLANG_WARN_UNREACHABLE_CODE = YES;
				CLANG_WARN__DUPLICATE_METHOD_MATCH = YES;
				COPY_PHASE_STRIP = NO;
				DEBUG_INFORMATION_FORMAT = "dwarf-with-dsym";
				ENABLE_NS_ASSERTIONS = NO;
				ENABLE_STRICT_OBJC_MSGSEND = YES;
				GCC_C_LANGUAGE_STANDARD = gnu11;
				GCC_NO_COMMON_BLOCKS = YES;
				GCC_WARN_64_TO_32_BIT_CONVERSION = YES;
				GCC_WARN_ABOUT_RETURN_TYPE = YES_ERROR;
				GCC_WARN_UNDECLARED_SELECTOR = YES;
				GCC_WARN_UNINITIALIZED_AUTOS = YES_AGGRESSIVE;
				GCC_WARN_UNUSED_FUNCTION = YES;
				GCC_WARN_UNUSED_VARIABLE = YES;
				IPHONEOS_DEPLOYMENT_TARGET = 14.1;
				MTL_ENABLE_DEBUG_INFO = NO;
				MTL_FAST_MATH = YES;
				SDKROOT = iphoneos;
				SWIFT_COMPILATION_MODE = wholemodule;
				SWIFT_OPTIMIZATION_LEVEL = "-O";
				VALIDATE_PRODUCT = YES;
			};
			name = Release;
		};
		04F63DCB2899F56F00A77886 /* Debug */ = {
			isa = XCBuildConfiguration;
			baseConfigurationReference = EF2013FBB1A386E3F3FCAB15 /* Pods-MeLi Swift.debug.xcconfig */;
			buildSettings = {
				ASSETCATALOG_COMPILER_APPICON_NAME = AppIcon;
				ASSETCATALOG_COMPILER_GLOBAL_ACCENT_COLOR_NAME = AccentColor;
				CODE_SIGN_STYLE = Automatic;
				INFOPLIST_FILE = "MeLi Swift/Info.plist";
				LD_RUNPATH_SEARCH_PATHS = (
					"$(inherited)",
					"@executable_path/Frameworks",
				);
				PRODUCT_BUNDLE_IDENTIFIER = "valeria.MeLi-Swift";
				PRODUCT_NAME = "$(TARGET_NAME)";
				SWIFT_VERSION = 5.0;
				TARGETED_DEVICE_FAMILY = "1,2";
			};
			name = Debug;
		};
		04F63DCC2899F56F00A77886 /* Release */ = {
			isa = XCBuildConfiguration;
			baseConfigurationReference = 93FCE8B89EE592F782534E77 /* Pods-MeLi Swift.release.xcconfig */;
			buildSettings = {
				ASSETCATALOG_COMPILER_APPICON_NAME = AppIcon;
				ASSETCATALOG_COMPILER_GLOBAL_ACCENT_COLOR_NAME = AccentColor;
				CODE_SIGN_STYLE = Automatic;
				INFOPLIST_FILE = "MeLi Swift/Info.plist";
				LD_RUNPATH_SEARCH_PATHS = (
					"$(inherited)",
					"@executable_path/Frameworks",
				);
				PRODUCT_BUNDLE_IDENTIFIER = "valeria.MeLi-Swift";
				PRODUCT_NAME = "$(TARGET_NAME)";
				SWIFT_VERSION = 5.0;
				TARGETED_DEVICE_FAMILY = "1,2";
			};
			name = Release;
		};
/* End XCBuildConfiguration section */

/* Begin XCConfigurationList section */
		04F63DB12899F56C00A77886 /* Build configuration list for PBXProject "MeLi Swift" */ = {
			isa = XCConfigurationList;
			buildConfigurations = (
				04F63DC82899F56F00A77886 /* Debug */,
				04F63DC92899F56F00A77886 /* Release */,
			);
			defaultConfigurationIsVisible = 0;
			defaultConfigurationName = Release;
		};
		04F63DCA2899F56F00A77886 /* Build configuration list for PBXNativeTarget "MeLi Swift" */ = {
			isa = XCConfigurationList;
			buildConfigurations = (
				04F63DCB2899F56F00A77886 /* Debug */,
				04F63DCC2899F56F00A77886 /* Release */,
			);
			defaultConfigurationIsVisible = 0;
			defaultConfigurationName = Release;
		};
/* End XCConfigurationList section */
	};
	rootObject = 04F63DAE2899F56C00A77886 /* Project object */;
}
